{
  "name": "@banking/landing-page",
  "version": "0.1.0",
  "lockfileVersion": 3,
  "requires": true,
  "packages": {
    "": {
      "name": "@banking/landing-page",
      "version": "0.1.0",
      "dependencies": {
        "@radix-ui/react-dialog": "^1.0.5",
        "@radix-ui/react-dropdown-menu": "^2.0.6",
        "@radix-ui/react-slot": "^1.0.2",
        "@radix-ui/react-tooltip": "^1.0.7",
        "class-variance-authority": "^0.7.0",
        "clsx": "^2.1.0",
        "lucide-react": "^0.303.0",
        "next": "14",
        "next-auth": "^5.0.0-beta.31",
        "react": "18",
        "react-dom": "18",
        "tailwind-merge": "^2.2.0"
      },
      "devDependencies": {
        "@storybook/addon-essentials": "^7.6.10",
        "@storybook/addon-interactions": "^7.6.10",
        "@storybook/addon-links": "^7.6.10",
        "@storybook/nextjs": "^7.6.10",
        "@storybook/react": "^7.6.10",
        "@testing-library/jest-dom": "^6.2.0",
        "@testing-library/react": "^14.1.2",
        "@types/jest": "^29.5.11",
        "@types/node": "^20.11.5",
        "@types/react": "^18.2.48",
        "@types/react-dom": "^18.2.18",
        "autoprefixer": "^10.4.17",
        "jest": "^29.7.0",
        "jest-environment-jsdom": "^29.7.0",
        "postcss": "^8.4.33",
        "tailwindcss": "^3.4.1",
        "ts-jest": "^29.1.1",
        "typescript": "^5.3.3"
      }
    },
    "../../../node_modules/.pnpm/@radix-ui+react-dialog@1.1.17_@types+react-dom@18.3.7_@types+react@18.3.31__@types+react@18.3_rkbltnyercwzygg7vrfxxqqmau/node_modules/@radix-ui/react-dialog": {
      "version": "1.1.17",
      "license": "MIT",
      "dependencies": {
        "@radix-ui/primitive": "1.1.4",
        "@radix-ui/react-compose-refs": "1.1.3",
        "@radix-ui/react-context": "1.1.4",
        "@radix-ui/react-dismissable-layer": "1.1.13",
        "@radix-ui/react-focus-guards": "1.1.4",
        "@radix-ui/react-focus-scope": "1.1.10",
        "@radix-ui/react-id": "1.1.2",
        "@radix-ui/react-portal": "1.1.12",
        "@radix-ui/react-presence": "1.1.6",
        "@radix-ui/react-primitive": "2.1.6",
        "@radix-ui/react-slot": "1.3.0",
        "@radix-ui/react-use-controllable-state": "1.2.3",
        "aria-hidden": "^1.2.4",
        "react-remove-scroll": "^2.7.2"
      },
      "devDependencies": {
        "@repo/builder": "0.0.0",
        "@repo/typescript-config": "0.0.0",
        "@types/react": "^19.2.2",
        "@types/react-dom": "^19.2.2",
        "react": "^19.2.0",
        "react-dom": "^19.2.0",
        "typescript": "^5.9.3"
      },
      "peerDependencies": {
        "@types/react": "*",
        "@types/react-dom": "*",
        "react": "^16.8 || ^17.0 || ^18.0 || ^19.0 || ^19.0.0-rc",
        "react-dom": "^16.8 || ^17.0 || ^18.0 || ^19.0 || ^19.0.0-rc"
      },
      "peerDependenciesMeta": {
        "@types/react": {
          "optional": true
        },
        "@types/react-dom": {
          "optional": true
        }
      }
    },
    "../../../node_modules/.pnpm/@radix-ui+react-dropdown-menu@2.1.18_@types+react-dom@18.3.7_@types+react@18.3.31__@types+rea_6oqjrn75ka3l64jmleaeny7u4e/node_modules/@radix-ui/react-dropdown-menu": {
      "version": "2.1.18",
      "license": "MIT",
      "dependencies": {
        "@radix-ui/primitive": "1.1.4",
        "@radix-ui/react-compose-refs": "1.1.3",
        "@radix-ui/react-context": "1.1.4",
        "@radix-ui/react-id": "1.1.2",
        "@radix-ui/react-menu": "2.1.18",
        "@radix-ui/react-primitive": "2.1.6",
        "@radix-ui/react-use-controllable-state": "1.2.3"
      },
      "devDependencies": {
        "@repo/builder": "0.0.0",
        "@repo/test-data": "0.0.0",
        "@repo/typescript-config": "0.0.0",
        "@types/react": "^19.2.2",
        "@types/react-dom": "^19.2.2",
        "react": "^19.2.0",
        "react-dom": "^19.2.0",
        "typescript": "^5.9.3"
      },
      "peerDependencies": {
        "@types/react": "*",
        "@types/react-dom": "*",
        "react": "^16.8 || ^17.0 || ^18.0 || ^19.0 || ^19.0.0-rc",
        "react-dom": "^16.8 || ^17.0 || ^18.0 || ^19.0 || ^19.0.0-rc"
      },
      "peerDependenciesMeta": {
        "@types/react": {
          "optional": true
        },
        "@types/react-dom": {
          "optional": true
        }
      }
    },
    "../../../node_modules/.pnpm/@radix-ui+react-slot@1.3.0_@types+react@18.3.31_react@18.3.1/node_modules/@radix-ui/react-slot": {
      "version": "1.3.0",
      "license": "MIT",
      "dependencies": {
        "@radix-ui/react-compose-refs": "1.1.3"
      },
      "devDependencies": {
        "@repo/builder": "0.0.0",
        "@repo/typescript-config": "0.0.0",
        "@types/react": "^19.2.2",
        "@types/react-dom": "^19.2.2",
        "react": "^19.2.0",
        "react-dom": "^19.2.0",
        "typescript": "^5.9.3"
      },
      "peerDependencies": {
        "@types/react": "*",
        "react": "^16.8 || ^17.0 || ^18.0 || ^19.0 || ^19.0.0-rc"
      },
      "peerDependenciesMeta": {
        "@types/react": {
          "optional": true
        }
      }
    },
    "../../../node_modules/.pnpm/@radix-ui+react-tooltip@1.2.10_@types+react-dom@18.3.7_@types+react@18.3.31__@types+react@18._dmy6wkc7ssffawocc3opllflmq/node_modules/@radix-ui/react-tooltip": {
      "version": "1.2.10",
      "license": "MIT",
      "dependencies": {
        "@radix-ui/primitive": "1.1.4",
        "@radix-ui/react-compose-refs": "1.1.3",
        "@radix-ui/react-context": "1.1.4",
        "@radix-ui/react-dismissable-layer": "1.1.13",
        "@radix-ui/react-id": "1.1.2",
        "@radix-ui/react-popper": "1.3.1",
        "@radix-ui/react-portal": "1.1.12",
        "@radix-ui/react-presence": "1.1.6",
        "@radix-ui/react-primitive": "2.1.6",
        "@radix-ui/react-slot": "1.3.0",
        "@radix-ui/react-use-controllable-state": "1.2.3",
        "@radix-ui/react-visually-hidden": "1.2.6"
      },
      "devDependencies": {
        "@repo/builder": "0.0.0",
        "@repo/typescript-config": "0.0.0",
        "@types/react": "^19.2.2",
        "@types/react-dom": "^19.2.2",
        "react": "^19.2.0",
        "react-dom": "^19.2.0",
        "typescript": "^5.9.3"
      },
      "peerDependencies": {
        "@types/react": "*",
        "@types/react-dom": "*",
        "react": "^16.8 || ^17.0 || ^18.0 || ^19.0 || ^19.0.0-rc",
        "react-dom": "^16.8 || ^17.0 || ^18.0 || ^19.0 || ^19.0.0-rc"
      },
      "peerDependenciesMeta": {
        "@types/react": {
          "optional": true
        },
        "@types/react-dom": {
          "optional": true
        }
      }
    },
    "../../../node_modules/.pnpm/@storybook+addon-essentials@7.6.24_@types+react-dom@18.3.7_@types+react@18.3.31__@types+react_x5gjyl5oznzo26j2kaetamdjj4/node_modules/@storybook/addon-essentials": {
      "version": "7.6.24",
      "dev": true,
      "license": "MIT",
      "dependencies": {
        "@storybook/addon-actions": "7.6.24",
        "@storybook/addon-backgrounds": "7.6.24",
        "@storybook/addon-controls": "7.6.24",
        "@storybook/addon-docs": "7.6.24",
        "@storybook/addon-highlight": "7.6.24",
        "@storybook/addon-measure": "7.6.24",
        "@storybook/addon-outline": "7.6.24",
        "@storybook/addon-toolbars": "7.6.24",
        "@storybook/addon-viewport": "7.6.24",
        "@storybook/core-common": "7.6.24",
        "@storybook/manager-api": "7.6.24",
        "@storybook/node-logger": "7.6.24",
        "@storybook/preview-api": "7.6.24",
        "ts-dedent": "^2.0.0"
      },
      "devDependencies": {
        "@storybook/vue": "7.6.24",
        "typescript": "^4.9.3"
      },
      "funding": {
        "type": "opencollective",
        "url": "https://opencollective.com/storybook"
      },
      "peerDependencies": {
        "react": "^16.8.0 || ^17.0.0 || ^18.0.0",
        "react-dom": "^16.8.0 || ^17.0.0 || ^18.0.0"
      }
    },
    "../../../node_modules/.pnpm/@storybook+addon-interactions@7.6.24/node_modules/@storybook/addon-interactions": {
      "version": "7.6.24",
      "dev": true,
      "license": "MIT",
      "dependencies": {
        "@storybook/global": "^5.0.0",
        "@storybook/types": "7.6.24",
        "jest-mock": "^27.0.6",
        "polished": "^4.2.2",
        "ts-dedent": "^2.2.0"
      },
      "devDependencies": {
        "@devtools-ds/object-inspector": "^1.1.2",
        "@storybook/client-logger": "7.6.24",
        "@storybook/components": "7.6.24",
        "@storybook/core-common": "7.6.24",
        "@storybook/core-events": "7.6.24",
        "@storybook/instrumenter": "7.6.24",
        "@storybook/jest": "next",
        "@storybook/manager-api": "7.6.24",
        "@storybook/preview-api": "7.6.24",
        "@storybook/testing-library": "next",
        "@storybook/theming": "7.6.24",
        "@types/node": "^18.0.0",
        "formik": "^2.2.9",
        "react": "^16.8.0",
        "react-dom": "^16.8.0",
        "typescript": "~4.9.3"
      },
      "funding": {
        "type": "opencollective",
        "url": "https://opencollective.com/storybook"
      }
    },
    "../../../node_modules/.pnpm/@storybook+addon-links@7.6.24_react@18.3.1/node_modules/@storybook/addon-links": {
      "version": "7.6.24",
      "dev": true,
      "license": "MIT",
      "dependencies": {
        "@storybook/csf": "^0.1.2",
        "@storybook/global": "^5.0.0",
        "ts-dedent": "^2.0.0"
      },
      "devDependencies": {
        "@storybook/client-logger": "7.6.24",
        "@storybook/core-events": "7.6.24",
        "@storybook/manager-api": "7.6.24",
        "@storybook/preview-api": "7.6.24",
        "@storybook/router": "7.6.24",
        "@storybook/types": "7.6.24",
        "fs-extra": "^11.1.0",
        "typescript": "~4.9.3"
      },
      "funding": {
        "type": "opencollective",
        "url": "https://opencollective.com/storybook"
      },
      "peerDependencies": {
        "react": "^16.8.0 || ^17.0.0 || ^18.0.0"
      },
      "peerDependenciesMeta": {
        "react": {
          "optional": true
        }
      }
    },
    "../../../node_modules/.pnpm/@storybook+nextjs@7.6.24_@swc+core@1.15.43_esbuild@0.18.20_next@14.2.35_@babel+core@7.29.7_re_frs6iohbz2tqzap3hkw4zvtgye/node_modules/@storybook/nextjs": {
      "version": "7.6.24",
      "dev": true,
      "license": "MIT",
      "dependencies": {
        "@babel/core": "^7.23.2",
        "@babel/plugin-syntax-bigint": "^7.8.3",
        "@babel/plugin-syntax-dynamic-import": "^7.8.3",
        "@babel/plugin-syntax-import-assertions": "^7.22.5",
        "@babel/plugin-transform-class-properties": "^7.22.5",
        "@babel/plugin-transform-export-namespace-from": "^7.22.11",
        "@babel/plugin-transform-numeric-separator": "^7.22.11",
        "@babel/plugin-transform-object-rest-spread": "^7.22.15",
        "@babel/plugin-transform-runtime": "^7.23.2",
        "@babel/preset-env": "^7.23.2",
        "@babel/preset-react": "^7.22.15",
        "@babel/preset-typescript": "^7.23.2",
        "@babel/runtime": "^7.23.2",
        "@storybook/addon-actions": "7.6.24",
        "@storybook/builder-webpack5": "7.6.24",
        "@storybook/core-common": "7.6.24",
        "@storybook/core-events": "7.6.24",
        "@storybook/node-logger": "7.6.24",
        "@storybook/preset-react-webpack": "7.6.24",
        "@storybook/preview-api": "7.6.24",
        "@storybook/react": "7.6.24",
        "@types/node": "^18.0.0",
        "@types/semver": "^7.3.4",
        "css-loader": "^6.7.3",
        "find-up": "^5.0.0",
        "fs-extra": "^11.1.0",
        "image-size": "^1.0.0",
        "loader-utils": "^3.2.1",
        "node-polyfill-webpack-plugin": "^2.0.1",
        "pnp-webpack-plugin": "^1.7.0",
        "postcss": "^8.4.21",
        "postcss-loader": "^7.0.2",
        "resolve-url-loader": "^5.0.0",
        "sass-loader": "^12.4.0",
        "semver": "^7.3.5",
        "sharp": "^0.32.6",
        "style-loader": "^3.3.1",
        "styled-jsx": "5.1.1",
        "ts-dedent": "^2.0.0",
        "tsconfig-paths": "^4.0.0",
        "tsconfig-paths-webpack-plugin": "^4.0.1"
      },
      "devDependencies": {
        "@babel/types": "^7.23.0",
        "@types/babel__core": "^7",
        "@types/babel__plugin-transform-runtime": "^7",
        "@types/babel__preset-env": "^7",
        "@types/loader-utils": "^2.0.5",
        "next": "^14.0.2",
        "typescript": "^4.9.3",
        "webpack": "^5.65.0"
      },
      "engines": {
        "node": ">=16.0.0"
      },
      "funding": {
        "type": "opencollective",
        "url": "https://opencollective.com/storybook"
      },
      "peerDependencies": {
        "@next/font": "^13.0.0|| ^14.0.0",
        "next": "^9.0.0 || ^10.0.0 || ^11.0.0 || ^12.0.0 || ^13.0.0 || ^14.0.0",
        "react": "^16.8.0 || ^17.0.0 || ^18.0.0",
        "react-dom": "^16.8.0 || ^17.0.0 || ^18.0.0",
        "webpack": "^5.0.0"
      },
      "peerDependenciesMeta": {
        "@next/font": {
          "optional": true
        },
        "typescript": {
          "optional": true
        },
        "webpack": {
          "optional": true
        }
      }
    },
    "../../../node_modules/.pnpm/@storybook+react@7.6.24_react-dom@18.3.1_react@18.3.1__react@18.3.1_typescript@5.9.3/node_modules/@storybook/react": {
      "version": "7.6.24",
      "dev": true,
      "license": "MIT",
      "dependencies": {
        "@storybook/client-logger": "7.6.24",
        "@storybook/core-client": "7.6.24",
        "@storybook/docs-tools": "7.6.24",
        "@storybook/global": "^5.0.0",
        "@storybook/preview-api": "7.6.24",
        "@storybook/react-dom-shim": "7.6.24",
        "@storybook/types": "7.6.24",
        "@types/escodegen": "^0.0.6",
        "@types/estree": "^0.0.51",
        "@types/node": "^18.0.0",
        "acorn": "^7.4.1",
        "acorn-jsx": "^5.3.1",
        "acorn-walk": "^7.2.0",
        "escodegen": "^2.1.0",
        "html-tags": "^3.1.0",
        "lodash": "^4.17.21",
        "prop-types": "^15.7.2",
        "react-element-to-jsx-string": "^15.0.0",
        "ts-dedent": "^2.0.0",
        "type-fest": "~2.19",
        "util-deprecate": "^1.0.2"
      },
      "devDependencies": {
        "@babel/core": "^7.23.2",
        "@storybook/test": "7.6.24",
        "@types/util-deprecate": "^1.0.0",
        "expect-type": "^0.15.0",
        "jest-specific-snapshot": "^8.0.0",
        "require-from-string": "^2.0.2"
      },
      "engines": {
        "node": ">=16.0.0"
      },
      "funding": {
        "type": "opencollective",
        "url": "https://opencollective.com/storybook"
      },
      "peerDependencies": {
        "react": "^16.8.0 || ^17.0.0 || ^18.0.0",
        "react-dom": "^16.8.0 || ^17.0.0 || ^18.0.0",
        "typescript": "*"
      },
      "peerDependenciesMeta": {
        "typescript": {
          "optional": true
        }
      }
    },
    "../../../node_modules/.pnpm/@testing-library+jest-dom@6.9.1/node_modules/@testing-library/jest-dom": {
      "version": "6.9.1",
      "dev": true,
      "license": "MIT",
      "dependencies": {
        "@adobe/css-tools": "^4.4.0",
        "aria-query": "^5.0.0",
        "css.escape": "^1.5.1",
        "dom-accessibility-api": "^0.6.3",
        "picocolors": "^1.1.1",
        "redent": "^3.0.0"
      },
      "devDependencies": {
        "@jest/globals": "^29.6.2",
        "@rollup/plugin-commonjs": "^25.0.4",
        "@types/bun": "latest",
        "@types/web": "latest",
        "expect": "^29.6.2",
        "jest-environment-jsdom-sixteen": "^1.0.3",
        "jest-watch-select-projects": "^2.0.0",
        "jsdom": "^16.2.1",
        "kcd-scripts": "^14.0.0",
        "pretty-format": "^25.1.0",
        "rollup": "^3.28.1",
        "rollup-plugin-delete": "^2.0.0",
        "typescript": "^5.1.6",
        "vitest": "^0.34.1"
      },
      "engines": {
        "node": ">=14",
        "npm": ">=6",
        "yarn": ">=1"
      }
    },
    "../../../node_modules/.pnpm/@testing-library+react@14.3.1_@types+react@18.3.31_react-dom@18.3.1_react@18.3.1__react@18.3.1/node_modules/@testing-library/react": {
      "version": "14.3.1",
      "dev": true,
      "license": "MIT",
      "dependencies": {
        "@babel/runtime": "^7.12.5",
        "@testing-library/dom": "^9.0.0",
        "@types/react-dom": "^18.0.0"
      },
      "devDependencies": {
        "@testing-library/jest-dom": "^5.11.6",
        "chalk": "^4.1.2",
        "dotenv-cli": "^4.0.0",
        "jest-diff": "^29.7.0",
        "kcd-scripts": "^13.0.0",
        "npm-run-all": "^4.1.5",
        "react": "^18.0.0",
        "react-dom": "^18.0.0",
        "rimraf": "^3.0.2",
        "typescript": "^4.1.2"
      },
      "engines": {
        "node": ">=14"
      },
      "peerDependencies": {
        "react": "^18.0.0",
        "react-dom": "^18.0.0"
      }
    },
    "../../../node_modules/.pnpm/@types+jest@29.5.14/node_modules/@types/jest": {
      "version": "29.5.14",
      "dev": true,
      "license": "MIT",
      "dependencies": {
        "expect": "^29.0.0",
        "pretty-format": "^29.0.0"
      }
    },
    "../../../node_modules/.pnpm/@types+node@20.19.43/node_modules/@types/node": {
      "version": "20.19.43",
      "dev": true,
      "license": "MIT",
      "dependencies": {
        "undici-types": "~6.21.0"
      }
    },
    "../../../node_modules/.pnpm/@types+react-dom@18.3.7_@types+react@18.3.31/node_modules/@types/react-dom": {
      "version": "18.3.7",
      "dev": true,
      "license": "MIT",
      "peerDependencies": {
        "@types/react": "^18.0.0"
      }
    },
    "../../../node_modules/.pnpm/@types+react@18.3.31/node_modules/@types/react": {
      "version": "18.3.31",
      "dev": true,
      "license": "MIT",
      "dependencies": {
        "@types/prop-types": "*",
        "csstype": "^3.2.2"
      }
    },
    "../../../node_modules/.pnpm/autoprefixer@10.5.0_postcss@8.5.15/node_modules/autoprefixer": {
      "version": "10.5.0",
      "dev": true,
      "funding": [
        {
          "type": "opencollective",
          "url": "https://opencollective.com/postcss/"
        },
        {
          "type": "tidelift",
          "url": "https://tidelift.com/funding/github/npm/autoprefixer"
        },
        {
          "type": "github",
          "url": "https://github.com/sponsors/ai"
        }
      ],
      "license": "MIT",
      "dependencies": {
        "browserslist": "^4.28.2",
        "caniuse-lite": "^1.0.30001787",
        "fraction.js": "^5.3.4",
        "picocolors": "^1.1.1",
        "postcss-value-parser": "^4.2.0"
      },
      "bin": {
        "autoprefixer": "bin/autoprefixer"
      },
      "engines": {
        "node": "^10 || ^12 || >=14"
      },
      "peerDependencies": {
        "postcss": "^8.1.0"
      }
    },
    "../../../node_modules/.pnpm/class-variance-authority@0.7.1/node_modules/class-variance-authority": {
      "version": "0.7.1",
      "license": "Apache-2.0",
      "dependencies": {
        "clsx": "^2.1.1"
      },
      "devDependencies": {
        "@swc/cli": "0.3.12",
        "@swc/core": "1.4.16",
        "@types/node": "20.12.7",
        "@types/react": "18.2.79",
        "@types/react-dom": "18.2.25",
        "bundlesize": "0.18.2",
        "npm-run-all": "4.1.5",
        "react": "18.2.0",
        "react-dom": "18.2.0",
        "ts-node": "10.9.2",
        "typescript": "5.4.5"
      },
      "funding": {
        "url": "https://polar.sh/cva"
      }
    },
    "../../../node_modules/.pnpm/clsx@2.1.1/node_modules/clsx": {
      "version": "2.1.1",
      "license": "MIT",
      "devDependencies": {
        "esm": "3.2.25",
        "terser": "4.8.0",
        "uvu": "0.5.4"
      },
      "engines": {
        "node": ">=6"
      }
    },
    "../../../node_modules/.pnpm/jest-environment-jsdom@29.7.0/node_modules/jest-environment-jsdom": {
      "version": "29.7.0",
      "dev": true,
      "license": "MIT",
      "dependencies": {
        "@jest/environment": "^29.7.0",
        "@jest/fake-timers": "^29.7.0",
        "@jest/types": "^29.6.3",
        "@types/jsdom": "^20.0.0",
        "@types/node": "*",
        "jest-mock": "^29.7.0",
        "jest-util": "^29.7.0",
        "jsdom": "^20.0.0"
      },
      "devDependencies": {
        "@jest/test-utils": "^29.7.0"
      },
      "engines": {
        "node": "^14.15.0 || ^16.10.0 || >=18.0.0"
      },
      "peerDependencies": {
        "canvas": "^2.5.0"
      },
      "peerDependenciesMeta": {
        "canvas": {
          "optional": true
        }
      }
    },
    "../../../node_modules/.pnpm/jest@29.7.0_@types+node@20.19.43_ts-node@10.9.2_@swc+core@1.15.43_@types+node@20.19.43_typescript@5.9.3_/node_modules/jest": {
      "version": "29.7.0",
      "dev": true,
      "license": "MIT",
      "dependencies": {
        "@jest/core": "^29.7.0",
        "@jest/types": "^29.6.3",
        "import-local": "^3.0.2",
        "jest-cli": "^29.7.0"
      },
      "bin": {
        "jest": "bin/jest.js"
      },
      "devDependencies": {
        "@tsd/typescript": "^5.0.4",
        "tsd-lite": "^0.7.0"
      },
      "engines": {
        "node": "^14.15.0 || ^16.10.0 || >=18.0.0"
      },
      "peerDependencies": {
        "node-notifier": "^8.0.1 || ^9.0.0 || ^10.0.0"
      },
      "peerDependenciesMeta": {
        "node-notifier": {
          "optional": true
        }
      }
    },
    "../../../node_modules/.pnpm/lucide-react@0.303.0_react@18.3.1/node_modules/lucide-react": {
      "version": "0.303.0",
      "license": "ISC",
      "devDependencies": {
        "@lucide/build-icons": "1.0.0",
        "@lucide/rollup-plugins": "1.0.0",
        "@testing-library/jest-dom": "^6.1.4",
        "@testing-library/react": "^11.2.7",
        "@types/prop-types": "^15.7.10",
        "@types/react": "^18.2.37",
        "@vitejs/plugin-react": "^2.2.0",
        "react": "17.0.2",
        "react-dom": "17.0.2",
        "rollup": "^3.29.4",
        "rollup-plugin-dts": "^5.3.1",
        "typescript": "^4.9.5",
        "vite": "^4.4.12",
        "vitest": "^0.32.4"
      },
      "peerDependencies": {
        "react": "^16.5.1 || ^17.0.0 || ^18.0.0"
      }
    },
    "../../../node_modules/.pnpm/next@14.2.35_@babel+core@7.29.7_react-dom@18.3.1_react@18.3.1__react@18.3.1/node_modules/next": {
      "version": "14.2.35",
      "license": "MIT",
      "dependencies": {
        "@next/env": "14.2.35",
        "@swc/helpers": "0.5.5",
        "busboy": "1.6.0",
        "caniuse-lite": "^1.0.30001579",
        "graceful-fs": "^4.2.11",
        "postcss": "8.4.31",
        "styled-jsx": "5.1.1"
      },
      "bin": {
        "next": "dist/bin/next"
      },
      "devDependencies": {
        "@ampproject/toolbox-optimizer": "2.8.3",
        "@babel/code-frame": "7.22.5",
        "@babel/core": "7.22.5",
        "@babel/eslint-parser": "7.22.5",
        "@babel/generator": "7.22.5",
        "@babel/plugin-proposal-class-properties": "7.18.6",
        "@babel/plugin-proposal-export-namespace-from": "7.18.9",
        "@babel/plugin-proposal-numeric-separator": "7.18.6",
        "@babel/plugin-proposal-object-rest-spread": "7.20.7",
        "@babel/plugin-syntax-bigint": "7.8.3",
        "@babel/plugin-syntax-dynamic-import": "7.8.3",
        "@babel/plugin-syntax-import-assertions": "7.22.5",
        "@babel/plugin-syntax-jsx": "7.22.5",
        "@babel/plugin-transform-modules-commonjs": "7.22.5",
        "@babel/plugin-transform-runtime": "7.22.5",
        "@babel/preset-env": "7.22.5",
        "@babel/preset-react": "7.22.5",
        "@babel/preset-typescript": "7.22.5",
        "@babel/runtime": "7.22.5",
        "@babel/traverse": "7.22.5",
        "@babel/types": "7.22.5",
        "@capsizecss/metrics": "2.2.0",
        "@edge-runtime/cookies": "5.0.0",
        "@edge-runtime/ponyfill": "3.0.0",
        "@edge-runtime/primitives": "5.0.0",
        "@hapi/accept": "5.0.2",
        "@jest/transform": "29.5.0",
        "@jest/types": "29.5.0",
        "@mswjs/interceptors": "0.23.0",
        "@napi-rs/triples": "1.2.0",
        "@next/polyfill-module": "14.2.35",
        "@next/polyfill-nomodule": "14.2.35",
        "@next/react-refresh-utils": "14.2.35",
        "@next/swc": "14.2.35",
        "@opentelemetry/api": "1.6.0",
        "@playwright/test": "1.41.2",
        "@taskr/clear": "1.1.0",
        "@taskr/esnext": "1.1.0",
        "@types/amphtml-validator": "1.0.0",
        "@types/babel__code-frame": "7.0.2",
        "@types/babel__core": "7.1.12",
        "@types/babel__generator": "7.6.2",
        "@types/babel__template": "7.4.0",
        "@types/babel__traverse": "7.11.0",
        "@types/bytes": "3.1.1",
        "@types/ci-info": "2.0.0",
        "@types/compression": "0.0.36",
        "@types/content-disposition": "0.5.4",
        "@types/content-type": "1.1.3",
        "@types/cookie": "0.3.3",
        "@types/cross-spawn": "6.0.0",
        "@types/debug": "4.1.5",
        "@types/express-serve-static-core": "4.17.33",
        "@types/fresh": "0.5.0",
        "@types/glob": "7.1.1",
        "@types/graceful-fs": "4.1.9",
        "@types/jsonwebtoken": "9.0.0",
        "@types/lodash": "4.14.198",
        "@types/lodash.curry": "4.1.6",
        "@types/lru-cache": "5.1.0",
        "@types/path-to-regexp": "1.7.0",
        "@types/picomatch": "2.3.3",
        "@types/platform": "1.3.4",
        "@types/react": "18.2.37",
        "@types/react-dom": "18.2.15",
        "@types/react-is": "17.0.3",
        "@types/semver": "7.3.1",
        "@types/send": "0.14.4",
        "@types/shell-quote": "1.7.1",
        "@types/tar": "6.1.5",
        "@types/text-table": "0.2.1",
        "@types/ua-parser-js": "0.7.36",
        "@types/uuid": "8.3.1",
        "@types/webpack-sources1": "npm:@types/webpack-sources@0.1.5",
        "@types/ws": "8.2.0",
        "@vercel/ncc": "0.34.0",
        "@vercel/nft": "0.26.4",
        "@vercel/turbopack-ecmascript-runtime": "https://gitpkg-fork.vercel.sh/vercel/turbo/crates/turbopack-ecmascript-runtime/js?turbopack-240417.2",
        "acorn": "8.11.3",
        "amphtml-validator": "1.0.35",
        "anser": "1.4.9",
        "arg": "4.1.0",
        "assert": "2.0.0",
        "async-retry": "1.2.3",
        "async-sema": "3.0.0",
        "babel-plugin-transform-define": "2.0.0",
        "babel-plugin-transform-react-remove-prop-types": "0.4.24",
        "browserify-zlib": "0.2.0",
        "browserslist": "4.22.2",
        "buffer": "5.6.0",
        "bytes": "3.1.1",
        "ci-info": "watson/ci-info#f43f6a1cefff47fb361c88cf4b943fdbcaafe540",
        "cli-select": "1.1.2",
        "client-only": "0.0.1",
        "commander": "12.0.0",
        "comment-json": "3.0.3",
        "compression": "1.7.4",
        "conf": "5.0.0",
        "constants-browserify": "1.0.0",
        "content-disposition": "0.5.3",
        "content-type": "1.0.4",
        "cookie": "0.4.1",
        "cross-spawn": "7.0.3",
        "crypto-browserify": "3.12.0",
        "css.escape": "1.5.1",
        "cssnano-preset-default": "5.2.14",
        "data-uri-to-buffer": "3.0.1",
        "debug": "4.1.1",
        "devalue": "2.0.1",
        "domain-browser": "4.19.0",
        "edge-runtime": "3.0.0",
        "events": "3.3.0",
        "find-up": "4.1.0",
        "fresh": "0.5.2",
        "get-orientation": "1.1.2",
        "glob": "7.1.7",
        "gzip-size": "5.1.1",
        "http-proxy": "1.18.1",
        "http-proxy-agent": "5.0.0",
        "https-browserify": "1.0.0",
        "https-proxy-agent": "5.0.1",
        "icss-utils": "5.1.0",
        "ignore-loader": "0.1.2",
        "image-size": "1.0.0",
        "is-docker": "2.0.0",
        "is-wsl": "2.2.0",
        "jest-worker": "27.5.1",
        "json5": "2.2.3",
        "jsonwebtoken": "9.0.0",
        "loader-runner": "4.3.0",
        "loader-utils2": "npm:loader-utils@2.0.0",
        "loader-utils3": "npm:loader-utils@3.1.3",
        "lodash.curry": "4.1.1",
        "lru-cache": "5.1.1",
        "mini-css-extract-plugin": "2.4.4",
        "msw": "1.3.0",
        "nanoid": "3.1.32",
        "native-url": "0.3.4",
        "neo-async": "2.6.1",
        "node-html-parser": "5.3.3",
        "ora": "4.0.4",
        "os-browserify": "0.3.0",
        "p-limit": "3.1.0",
        "path-browserify": "1.0.1",
        "path-to-regexp": "6.1.0",
        "picomatch": "4.0.1",
        "platform": "1.3.6",
        "postcss-flexbugs-fixes": "5.0.2",
        "postcss-modules-extract-imports": "3.0.0",
        "postcss-modules-local-by-default": "4.0.4",
        "postcss-modules-scope": "3.0.0",
        "postcss-modules-values": "4.0.0",
        "postcss-preset-env": "7.4.3",
        "postcss-safe-parser": "6.0.0",
        "postcss-scss": "4.0.3",
        "postcss-value-parser": "4.2.0",
        "process": "0.11.10",
        "punycode": "2.1.1",
        "querystring-es3": "0.2.1",
        "raw-body": "2.4.1",
        "react-is": "18.2.0",
        "react-refresh": "0.12.0",
        "regenerator-runtime": "0.13.4",
        "sass-loader": "12.4.0",
        "schema-utils2": "npm:schema-utils@2.7.1",
        "schema-utils3": "npm:schema-utils@3.0.0",
        "semver": "7.3.2",
        "send": "0.17.1",
        "server-only": "0.0.1",
        "setimmediate": "1.0.5",
        "shell-quote": "1.7.3",
        "source-map": "0.6.1",
        "source-map08": "npm:source-map@0.8.0-beta.0",
        "stacktrace-parser": "0.1.10",
        "stream-browserify": "3.0.0",
        "stream-http": "3.1.1",
        "strict-event-emitter": "0.5.0",
        "string_decoder": "1.3.0",
        "string-hash": "1.1.3",
        "strip-ansi": "6.0.0",
        "superstruct": "1.0.3",
        "tar": "6.1.15",
        "taskr": "1.1.0",
        "terser": "5.27.0",
        "terser-webpack-plugin": "5.3.9",
        "text-table": "0.2.0",
        "timers-browserify": "2.0.12",
        "tty-browserify": "0.0.1",
        "ua-parser-js": "1.0.35",
        "unistore": "3.4.1",
        "util": "0.12.4",
        "uuid": "8.3.2",
        "vm-browserify": "1.1.2",
        "watchpack": "2.4.0",
        "web-vitals": "3.0.0",
        "webpack": "5.90.0",
        "webpack-sources1": "npm:webpack-sources@1.4.3",
        "webpack-sources3": "npm:webpack-sources@3.2.3",
        "ws": "8.2.3",
        "zod": "3.22.3"
      },
      "engines": {
        "node": ">=18.17.0"
      },
      "optionalDependencies": {
        "@next/swc-darwin-arm64": "14.2.33",
        "@next/swc-darwin-x64": "14.2.33",
        "@next/swc-linux-arm64-gnu": "14.2.33",
        "@next/swc-linux-arm64-musl": "14.2.33",
        "@next/swc-linux-x64-gnu": "14.2.33",
        "@next/swc-linux-x64-musl": "14.2.33",
        "@next/swc-win32-arm64-msvc": "14.2.33",
        "@next/swc-win32-ia32-msvc": "14.2.33",
        "@next/swc-win32-x64-msvc": "14.2.33"
      },
      "peerDependencies": {
        "@opentelemetry/api": "^1.1.0",
        "@playwright/test": "^1.41.2",
        "react": "^18.2.0",
        "react-dom": "^18.2.0",
        "sass": "^1.3.0"
      },
      "peerDependenciesMeta": {
        "@opentelemetry/api": {
          "optional": true
        },
        "@playwright/test": {
          "optional": true
        },
        "sass": {
          "optional": true
        }
      }
    },
    "../../../node_modules/.pnpm/postcss@8.5.15/node_modules/postcss": {
      "version": "8.5.15",
      "dev": true,
      "funding": [
        {
          "type": "opencollective",
          "url": "https://opencollective.com/postcss/"
        },
        {
          "type": "tidelift",
          "url": "https://tidelift.com/funding/github/npm/postcss"
        },
        {
          "type": "github",
          "url": "https://github.com/sponsors/ai"
        }
      ],
      "license": "MIT",
      "dependencies": {
        "nanoid": "^3.3.12",
        "picocolors": "^1.1.1",
        "source-map-js": "^1.2.1"
      },
      "engines": {
        "node": "^10 || ^12 || >=14"
      }
    },
    "../../../node_modules/.pnpm/react-dom@18.3.1_react@18.3.1/node_modules/react-dom": {
      "version": "18.3.1",
      "license": "MIT",
      "dependencies": {
        "loose-envify": "^1.1.0",
        "scheduler": "^0.23.2"
      },
      "peerDependencies": {
        "react": "^18.3.1"
      }
    },
    "../../../node_modules/.pnpm/react@18.3.1/node_modules/react": {
      "version": "18.3.1",
      "license": "MIT",
      "dependencies": {
        "loose-envify": "^1.1.0"
      },
      "engines": {
        "node": ">=0.10.0"
      }
    },
    "../../../node_modules/.pnpm/tailwind-merge@2.6.1/node_modules/tailwind-merge": {
      "version": "2.6.1",
      "license": "MIT",
      "devDependencies": {
        "@babel/core": "^7.26.0",
        "@babel/preset-env": "^7.26.0",
        "@codspeed/vitest-plugin": "^4.0.0",
        "@rollup/plugin-babel": "^6.0.4",
        "@rollup/plugin-node-resolve": "^16.0.0",
        "@rollup/plugin-typescript": "^12.1.2",
        "@vitest/coverage-v8": "^2.1.8",
        "@vitest/eslint-plugin": "^1.1.22",
        "babel-plugin-annotate-pure-calls": "^0.4.0",
        "babel-plugin-polyfill-regenerator": "^0.6.3",
        "eslint": "^9.17.0",
        "eslint-plugin-import": "^2.31.0",
        "globby": "^11.1.0",
        "prettier": "^3.4.2",
        "rollup": "^4.29.1",
        "rollup-plugin-delete": "^2.1.0",
        "rollup-plugin-dts": "^6.1.1",
        "tslib": "^2.8.1",
        "typescript": "^5.7.2",
        "typescript-eslint": "^8.19.0",
        "vitest": "^2.1.8",
        "zx": "^8.3.0"
      },
      "funding": {
        "type": "github",
        "url": "https://github.com/sponsors/dcastil"
      }
    },
    "../../../node_modules/.pnpm/tailwindcss@3.4.19/node_modules/tailwindcss": {
      "version": "3.4.19",
      "dev": true,
      "license": "MIT",
      "dependencies": {
        "@alloc/quick-lru": "^5.2.0",
        "arg": "^5.0.2",
        "chokidar": "^3.6.0",
        "didyoumean": "^1.2.2",
        "dlv": "^1.1.3",
        "fast-glob": "^3.3.2",
        "glob-parent": "^6.0.2",
        "is-glob": "^4.0.3",
        "jiti": "^1.21.7",
        "lilconfig": "^3.1.3",
        "micromatch": "^4.0.8",
        "normalize-path": "^3.0.0",
        "object-hash": "^3.0.0",
        "picocolors": "^1.1.1",
        "postcss": "^8.4.47",
        "postcss-import": "^15.1.0",
        "postcss-js": "^4.0.1",
        "postcss-load-config": "^4.0.2 || ^5.0 || ^6.0",
        "postcss-nested": "^6.2.0",
        "postcss-selector-parser": "^6.1.2",
        "resolve": "^1.22.8",
        "sucrase": "^3.35.0"
      },
      "bin": {
        "tailwind": "lib/cli.js",
        "tailwindcss": "lib/cli.js"
      },
      "devDependencies": {
        "@swc/cli": "0.1.62",
        "@swc/core": "1.3.55",
        "@swc/jest": "0.2.26",
        "@swc/register": "0.1.10",
        "autoprefixer": "^10.4.20",
        "browserslist": "^4.24.0",
        "concurrently": "^8.2.2",
        "cssnano": "^6.1.2",
        "esbuild": "^0.24.0",
        "eslint": "^8.57.1",
        "eslint-config-prettier": "^8.10.0",
        "eslint-plugin-prettier": "^4.2.1",
        "jest": "^29.7.0",
        "jest-diff": "^29.7.0",
        "lightningcss": "1.27.0",
        "prettier": "^2.8.8",
        "rimraf": "^5.0.10",
        "source-map-js": "^1.2.1",
        "turbo": "^1.13.4"
      },
      "engines": {
        "node": ">=14.0.0"
      }
    },
    "../../../node_modules/.pnpm/ts-jest@29.4.11_@babel+core@7.29.7_@jest+transform@29.7.0_@jest+types@29.6.3_babel-jest@29.7._jih62ekl3i32acdfn7bipakdfy/node_modules/ts-jest": {
      "version": "29.4.11",
      "dev": true,
      "license": "MIT",
      "dependencies": {
        "bs-logger": "^0.2.6",
        "fast-json-stable-stringify": "^2.1.0",
        "handlebars": "^4.7.9",
        "json5": "^2.2.3",
        "lodash.memoize": "^4.1.2",
        "make-error": "^1.3.6",
        "semver": "^7.8.0",
        "type-fest": "^4.41.0",
        "yargs-parser": "^21.1.1"
      },
      "bin": {
        "ts-jest": "cli.js"
      },
      "devDependencies": {
        "@commitlint/cli": "^19.8.1",
        "@commitlint/config-angular": "^19.8.1",
        "@eslint/compat": "^1.4.1",
        "@eslint/eslintrc": "^3.3.5",
        "@eslint/js": "^9.39.4",
        "@jest/globals": "^30.4.1",
        "@jest/transform": "^30.4.1",
        "@jest/types": "^30.4.1",
        "@types/babel__core": "^7.20.5",
        "@types/fs-extra": "^11.0.4",
        "@types/jest": "^29.5.14",
        "@types/js-yaml": "^4.0.9",
        "@types/lodash.camelcase": "^4.3.9",
        "@types/lodash.memoize": "^4.1.9",
        "@types/lodash.set": "^4.3.9",
        "@types/micromatch": "^4.0.10",
        "@types/node": "20.19.41",
        "@types/semver": "^7.7.1",
        "@types/yargs": "^17.0.35",
        "@types/yargs-parser": "21.0.3",
        "@typescript-eslint/eslint-plugin": "^8.59.3",
        "@typescript-eslint/parser": "^8.59.3",
        "babel-jest": "^30.4.1",
        "conventional-changelog": "^7.2.0",
        "conventional-changelog-angular": "^8.3.1",
        "esbuild": "~0.28.0",
        "eslint": "^9.39.4",
        "eslint-config-prettier": "^10.1.8",
        "eslint-plugin-import": "^2.32.0",
        "eslint-plugin-jest": "^28.14.0",
        "eslint-plugin-jsdoc": "^50.8.0",
        "eslint-plugin-prettier": "^4.2.5",
        "execa": "5.1.1",
        "fast-glob": "^3.3.3",
        "fs-extra": "^11.3.5",
        "globals": "^16.5.0",
        "husky": "^9.1.7",
        "jest": "^30.4.2",
        "js-yaml": "^4.1.1",
        "lint-staged": "^15.5.2",
        "memfs": "^4.57.2",
        "prettier": "^2.8.8",
        "rimraf": "^5.0.10",
        "ts-node": "^10.9.2",
        "typescript": "~5.9.3",
        "typescript-eslint": "^8.59.3"
      },
      "engines": {
        "node": "^14.15.0 || ^16.10.0 || ^18.0.0 || >=20.0.0"
      },
      "peerDependencies": {
        "@babel/core": ">=7.0.0-beta.0 <8",
        "@jest/transform": "^29.0.0 || ^30.0.0",
        "@jest/types": "^29.0.0 || ^30.0.0",
        "babel-jest": "^29.0.0 || ^30.0.0",
        "jest": "^29.0.0 || ^30.0.0",
        "jest-util": "^29.0.0 || ^30.0.0",
        "typescript": ">=4.3 <7"
      },
      "peerDependenciesMeta": {
        "@babel/core": {
          "optional": true
        },
        "@jest/transform": {
          "optional": true
        },
        "@jest/types": {
          "optional": true
        },
        "babel-jest": {
          "optional": true
        },
        "esbuild": {
          "optional": true
        },
        "jest-util": {
          "optional": true
        }
      }
    },
    "../../../node_modules/.pnpm/typescript@5.9.3/node_modules/typescript": {
      "version": "5.9.3",
      "dev": true,
      "license": "Apache-2.0",
      "bin": {
        "tsc": "bin/tsc",
        "tsserver": "bin/tsserver"
      },
      "devDependencies": {
        "@dprint/formatter": "^0.4.1",
        "@dprint/typescript": "0.93.4",
        "@esfx/canceltoken": "^1.0.0",
        "@eslint/js": "^9.20.0",
        "@octokit/rest": "^21.1.1",
        "@types/chai": "^4.3.20",
        "@types/diff": "^7.0.1",
        "@types/minimist": "^1.2.5",
        "@types/mocha": "^10.0.10",
        "@types/ms": "^0.7.34",
        "@types/node": "latest",
        "@types/source-map-support": "^0.5.10",
        "@types/which": "^3.0.4",
        "@typescript-eslint/rule-tester": "^8.24.1",
        "@typescript-eslint/type-utils": "^8.24.1",
        "@typescript-eslint/utils": "^8.24.1",
        "azure-devops-node-api": "^14.1.0",
        "c8": "^10.1.3",
        "chai": "^4.5.0",
        "chokidar": "^4.0.3",
        "diff": "^7.0.0",
        "dprint": "^0.49.0",
        "esbuild": "^0.25.0",
        "eslint": "^9.20.1",
        "eslint-formatter-autolinkable-stylish": "^1.4.0",
        "eslint-plugin-regexp": "^2.7.0",
        "fast-xml-parser": "^4.5.2",
        "glob": "^10.4.5",
        "globals": "^15.15.0",
        "hereby": "^1.10.0",
        "jsonc-parser": "^3.3.1",
        "knip": "^5.44.4",
        "minimist": "^1.2.8",
        "mocha": "^10.8.2",
        "mocha-fivemat-progress-reporter": "^0.1.0",
        "monocart-coverage-reports": "^2.12.1",
        "ms": "^2.1.3",
        "picocolors": "^1.1.1",
        "playwright": "^1.50.1",
        "source-map-support": "^0.5.21",
        "tslib": "^2.8.1",
        "typescript": "^5.7.3",
        "typescript-eslint": "^8.24.1",
        "which": "^3.0.1"
      },
      "engines": {
        "node": ">=14.17"
      }
    },
    "node_modules/@auth/core": {
      "version": "0.41.2",
      "resolved": "https://registry.npmjs.org/@auth/core/-/core-0.41.2.tgz",
      "integrity": "sha512-Hx5MNBxN2fJTbJKGUKAA0wca43D0Akl3TvufY54Gn8lop7F+34vU1zA1pn0vQfIoVuLIrpfc2nkyjwIaPJMW7w==",
      "license": "ISC",
      "dependencies": {
        "@panva/hkdf": "^1.2.1",
        "jose": "^6.0.6",
        "oauth4webapi": "^3.3.0",
        "preact": "10.24.3",
        "preact-render-to-string": "6.5.11"
      },
      "peerDependencies": {
        "@simplewebauthn/browser": "^9.0.1",
        "@simplewebauthn/server": "^9.0.2",
        "nodemailer": "^7.0.7"
      },
      "peerDependenciesMeta": {
        "@simplewebauthn/browser": {
          "optional": true
        },
        "@simplewebauthn/server": {
          "optional": true
        },
        "nodemailer": {
          "optional": true
        }
      }
    },
    "node_modules/@panva/hkdf": {
      "version": "1.2.1",
      "resolved": "https://registry.npmjs.org/@panva/hkdf/-/hkdf-1.2.1.tgz",
      "integrity": "sha512-6oclG6Y3PiDFcoyk8srjLfVKyMfVCKJ27JwNPViuXziFpmdz+MZnZN/aKY0JGXgYuO/VghU0jcOAZgWXZ1Dmrw==",
      "license": "MIT",
      "funding": {
        "url": "https://github.com/sponsors/panva"
      }
    },
    "node_modules/@radix-ui/react-dialog": {
      "resolved": "../../../node_modules/.pnpm/@radix-ui+react-dialog@1.1.17_@types+react-dom@18.3.7_@types+react@18.3.31__@types+react@18.3_rkbltnyercwzygg7vrfxxqqmau/node_modules/@radix-ui/react-dialog",
      "link": true
    },
    "node_modules/@radix-ui/react-dropdown-menu": {
      "resolved": "../../../node_modules/.pnpm/@radix-ui+react-dropdown-menu@2.1.18_@types+react-dom@18.3.7_@types+react@18.3.31__@types+rea_6oqjrn75ka3l64jmleaeny7u4e/node_modules/@radix-ui/react-dropdown-menu",
      "link": true
    },
    "node_modules/@radix-ui/react-slot": {
      "resolved": "../../../node_modules/.pnpm/@radix-ui+react-slot@1.3.0_@types+react@18.3.31_react@18.3.1/node_modules/@radix-ui/react-slot",
      "link": true
    },
    "node_modules/@radix-ui/react-tooltip": {
      "resolved": "../../../node_modules/.pnpm/@radix-ui+react-tooltip@1.2.10_@types+react-dom@18.3.7_@types+react@18.3.31__@types+react@18._dmy6wkc7ssffawocc3opllflmq/node_modules/@radix-ui/react-tooltip",
      "link": true
    },
    "node_modules/@storybook/addon-essentials": {
      "resolved": "../../../node_modules/.pnpm/@storybook+addon-essentials@7.6.24_@types+react-dom@18.3.7_@types+react@18.3.31__@types+react_x5gjyl5oznzo26j2kaetamdjj4/node_modules/@storybook/addon-essentials",
      "link": true
    },
    "node_modules/@storybook/addon-interactions": {
      "resolved": "../../../node_modules/.pnpm/@storybook+addon-interactions@7.6.24/node_modules/@storybook/addon-interactions",
      "link": true
    },
    "node_modules/@storybook/addon-links": {
      "resolved": "../../../node_modules/.pnpm/@storybook+addon-links@7.6.24_react@18.3.1/node_modules/@storybook/addon-links",
      "link": true
    },
    "node_modules/@storybook/nextjs": {
      "resolved": "../../../node_modules/.pnpm/@storybook+nextjs@7.6.24_@swc+core@1.15.43_esbuild@0.18.20_next@14.2.35_@babel+core@7.29.7_re_frs6iohbz2tqzap3hkw4zvtgye/node_modules/@storybook/nextjs",
      "link": true
    },
    "node_modules/@storybook/react": {
      "resolved": "../../../node_modules/.pnpm/@storybook+react@7.6.24_react-dom@18.3.1_react@18.3.1__react@18.3.1_typescript@5.9.3/node_modules/@storybook/react",
      "link": true
    },
    "node_modules/@testing-library/jest-dom": {
      "resolved": "../../../node_modules/.pnpm/@testing-library+jest-dom@6.9.1/node_modules/@testing-library/jest-dom",
      "link": true
    },
    "node_modules/@testing-library/react": {
      "resolved": "../../../node_modules/.pnpm/@testing-library+react@14.3.1_@types+react@18.3.31_react-dom@18.3.1_react@18.3.1__react@18.3.1/node_modules/@testing-library/react",
      "link": true
    },
    "node_modules/@types/jest": {
      "resolved": "../../../node_modules/.pnpm/@types+jest@29.5.14/node_modules/@types/jest",
      "link": true
    },
    "node_modules/@types/node": {
      "resolved": "../../../node_modules/.pnpm/@types+node@20.19.43/node_modules/@types/node",
      "link": true
    },
    "node_modules/@types/react": {
      "resolved": "../../../node_modules/.pnpm/@types+react@18.3.31/node_modules/@types/react",
      "link": true
    },
    "node_modules/@types/react-dom": {
      "resolved": "../../../node_modules/.pnpm/@types+react-dom@18.3.7_@types+react@18.3.31/node_modules/@types/react-dom",
      "link": true
    },
    "node_modules/autoprefixer": {
      "resolved": "../../../node_modules/.pnpm/autoprefixer@10.5.0_postcss@8.5.15/node_modules/autoprefixer",
      "link": true
    },
    "node_modules/class-variance-authority": {
      "resolved": "../../../node_modules/.pnpm/class-variance-authority@0.7.1/node_modules/class-variance-authority",
      "link": true
    },
    "node_modules/clsx": {
      "resolved": "../../../node_modules/.pnpm/clsx@2.1.1/node_modules/clsx",
      "link": true
    },
    "node_modules/jest": {
      "resolved": "../../../node_modules/.pnpm/jest@29.7.0_@types+node@20.19.43_ts-node@10.9.2_@swc+core@1.15.43_@types+node@20.19.43_typescript@5.9.3_/node_modules/jest",
      "link": true
    },
    "node_modules/jest-environment-jsdom": {
      "resolved": "../../../node_modules/.pnpm/jest-environment-jsdom@29.7.0/node_modules/jest-environment-jsdom",
      "link": true
    },
    "node_modules/jose": {
      "version": "6.2.3",
      "resolved": "https://registry.npmjs.org/jose/-/jose-6.2.3.tgz",
      "integrity": "sha512-YYVDInQKFJfR/xa3ojUTl8c2KoTwiL1R5Wg9YCydwH0x0B9grbzlg5HC7mMjCtUJjbQ/YnGEZIhI5tCgfTb4Hw==",
      "license": "MIT",
      "funding": {
        "url": "https://github.com/sponsors/panva"
      }
    },
    "node_modules/lucide-react": {
      "resolved": "../../../node_modules/.pnpm/lucide-react@0.303.0_react@18.3.1/node_modules/lucide-react",
      "link": true
    },
    "node_modules/next": {
      "resolved": "../../../node_modules/.pnpm/next@14.2.35_@babel+core@7.29.7_react-dom@18.3.1_react@18.3.1__react@18.3.1/node_modules/next",
      "link": true
    },
    "node_modules/next-auth": {
      "version": "5.0.0-beta.31",
      "resolved": "https://registry.npmjs.org/next-auth/-/next-auth-5.0.0-beta.31.tgz",
      "integrity": "sha512-1OBgCKPzo+S7UWWMp3xgvGvIJ0OpV7B3vR4ZDRqD9a4Ch+OT6dakLXG9ivhtmIWVa71nTSXattOHyCg8sNi8/Q==",
      "license": "ISC",
      "dependencies": {
        "@auth/core": "0.41.2"
      },
      "peerDependencies": {
        "@simplewebauthn/browser": "^9.0.1",
        "@simplewebauthn/server": "^9.0.2",
        "next": "^14.0.0-0 || ^15.0.0 || ^16.0.0",
        "nodemailer": "^7.0.7",
        "react": "^18.2.0 || ^19.0.0"
      },
      "peerDependenciesMeta": {
        "@simplewebauthn/browser": {
          "optional": true
        },
        "@simplewebauthn/server": {
          "optional": true
        },
        "nodemailer": {
          "optional": true
        }
      }
    },
    "node_modules/oauth4webapi": {
      "version": "3.8.6",
      "resolved": "https://registry.npmjs.org/oauth4webapi/-/oauth4webapi-3.8.6.tgz",
      "integrity": "sha512-iwemM91xz8nryHti2yTmg5fhyEMVOkOXwHNqbvcATjyajb5oQxCQzrNOA6uElRHuMhQQTKUyFKV9y/CNyg25BQ==",
      "license": "MIT",
      "funding": {
        "url": "https://github.com/sponsors/panva"
      }
    },
    "node_modules/postcss": {
      "resolved": "../../../node_modules/.pnpm/postcss@8.5.15/node_modules/postcss",
      "link": true
    },
    "node_modules/preact": {
      "version": "10.24.3",
      "resolved": "https://registry.npmjs.org/preact/-/preact-10.24.3.tgz",
      "integrity": "sha512-Z2dPnBnMUfyQfSQ+GBdsGa16hz35YmLmtTLhM169uW944hYL6xzTYkJjC07j+Wosz733pMWx0fgON3JNw1jJQA==",
      "license": "MIT",
      "funding": {
        "type": "opencollective",
        "url": "https://opencollective.com/preact"
      }
    },
    "node_modules/preact-render-to-string": {
      "version": "6.5.11",
      "resolved": "https://registry.npmjs.org/preact-render-to-string/-/preact-render-to-string-6.5.11.tgz",
      "integrity": "sha512-ubnauqoGczeGISiOh6RjX0/cdaF8v/oDXIjO85XALCQjwQP+SB4RDXXtvZ6yTYSjG+PC1QRP2AhPgCEsM2EvUw==",
      "license": "MIT",
      "peerDependencies": {
        "preact": ">=10"
      }
    },
    "node_modules/react": {
      "resolved": "../../../node_modules/.pnpm/react@18.3.1/node_modules/react",
      "link": true
    },
    "node_modules/react-dom": {
      "resolved": "../../../node_modules/.pnpm/react-dom@18.3.1_react@18.3.1/node_modules/react-dom",
      "link": true
    },
    "node_modules/tailwind-merge": {
      "resolved": "../../../node_modules/.pnpm/tailwind-merge@2.6.1/node_modules/tailwind-merge",
      "link": true
    },
    "node_modules/tailwindcss": {
      "resolved": "../../../node_modules/.pnpm/tailwindcss@3.4.19/node_modules/tailwindcss",
      "link": true
    },
    "node_modules/ts-jest": {
      "resolved": "../../../node_modules/.pnpm/ts-jest@29.4.11_@babel+core@7.29.7_@jest+transform@29.7.0_@jest+types@29.6.3_babel-jest@29.7._jih62ekl3i32acdfn7bipakdfy/node_modules/ts-jest",
      "link": true
    },
    "node_modules/typescript": {
      "resolved": "../../../node_modules/.pnpm/typescript@5.9.3/node_modules/typescript",
      "link": true
    }
  }
}
